
Microsoft Visual Studio Solution File, Format Version 12.00
# Visual Studio Version 17
VisualStudioVersion = 17.9.34607.119
MinimumVisualStudioVersion = 10.0.40219.1
Project("{FAE04EC0-301F-11D3-BF4B-00C04F79EFBC}") = "Lab_7", "Lab_7.csproj", "{5CF96277-2A1C-4FF2-9DAC-68D0A78D3A8C}"
EndProject
Global
	GlobalSection(SolutionConfigurationPlatforms) = preSolution
		Debug|Any CPU = Debug|Any CPU
		Release|Any CPU = Release|Any CPU
	EndGlobalSection
	GlobalSection(ProjectConfigurationPlatforms) = postSolution
		{5CF96277-2A1C-4FF2-9DAC-68D0A78D3A8C}.Debug|Any CPU.ActiveCfg = Debug|Any CPU
		{5CF96277-2A1C-4FF2-9DAC-68D0A78D3A8C}.Debug|Any CPU.Build.0 = Debug|Any CPU
		{5CF96277-2A1C-4FF2-9DAC-68D0A78D3A8C}.Release|Any CPU.ActiveCfg = Release|Any CPU
		{5CF96277-2A1C-4FF2-9DAC-68D0A78D3A8C}.Release|Any CPU.Build.0 = Release|Any CPU
	EndGlobalSection
	GlobalSection(SolutionProperties) = preSolution
		HideSolutionNode = FALSE
	EndGlobalSection
	GlobalSection(ExtensibilityGlobals) = postSolution
		SolutionGuid = {E3EE1E1B-D013-447B-B959-90F8E0ABC1AF}
	EndGlobalSection
EndGlobal
